
Microsoft Visual Studio Solution File, Format Version 12.00
# Visual Studio 2015
Project("{8BC9CEB8-8B4A-11D0-8D11-00A0C91BC942}") = "cinderExample", "cinderExample.vcxproj", "{5284F586-D1D3-44A9-8744-610E0C775B89}"
EndProject
Global
	GlobalSection(SolutionConfigurationPlatforms) = preSolution
		Debug|Win32 = Debug|Win32
		Release|Win32 = Release|Win32
		Debug|x64 = Debug|x64
		Release|x64 = Release|x64
	EndGlobalSection
	GlobalSection(ProjectConfigurationPlatforms) = postSolution
		{5284F586-D1D3-44A9-8744-610E0C775B89}.Debug|Win32.ActiveCfg = Debug|Win32
		{5284F586-D1D3-44A9-8744-610E0C775B89}.Debug|Win32.Build.0 = Debug|Win32
		{5284F586-D1D3-44A9-8744-610E0C775B89}.Release|Win32.ActiveCfg = Release|Win32
		{5284F586-D1D3-44A9-8744-610E0C775B89}.Release|Win32.Build.0 = Release|Win32
		{5284F586-D1D3-44A9-8744-610E0C775B89}.Debug|x64.ActiveCfg = Debug|x64
		{5284F586-D1D3-44A9-8744-610E0C775B89}.Debug|x64.Build.0 = Debug|x64
		{5284F586-D1D3-44A9-8744-610E0C775B89}.Release|x64.ActiveCfg = Release|x64
		{5284F586-D1D3-44A9-8744-610E0C775B89}.Release|x64.Build.0 = Release|x64
	EndGlobalSection
	GlobalSection(SolutionProperties) = preSolution
		HideSolutionNode = FALSE
	EndGlobalSection
EndGlobal
